// !$*UTF8*$!
{
	archiveVersion = 1;
	classes = {
	};
	objectVersion = 55;
	objects = {

/* Begin PBXBuildFile section */
		2BAC484C9C16A4BE33536FD7 /* Pods_Curo.framework in Frameworks */ = {isa = PBXBuildFile; fileRef = D7A22E48B8C1368E70CCF860 /* Pods_Curo.framework */; };
		34067F3129DDB51F00EA7BC9 /* AppDelegate.swift in Sources */ = {isa = PBXBuildFile; fileRef = 34067F3029DDB51F00EA7BC9 /* AppDelegate.swift */; };
		34067F3329DDB51F00EA7BC9 /* SceneDelegate.swift in Sources */ = {isa = PBXBuildFile; fileRef = 34067F3229DDB51F00EA7BC9 /* SceneDelegate.swift */; };
		34067F3529DDB51F00EA7BC9 /* ViewController.swift in Sources */ = {isa = PBXBuildFile; fileRef = 34067F3429DDB51F00EA7BC9 /* ViewController.swift */; };
		34067F3829DDB51F00EA7BC9 /* Main.storyboard in Resources */ = {isa = PBXBuildFile; fileRef = 34067F3629DDB51F00EA7BC9 /* Main.storyboard */; };
		34067F3D29DDB52100EA7BC9 /* LaunchScreen.storyboard in Resources */ = {isa = PBXBuildFile; fileRef = 34067F3B29DDB52100EA7BC9 /* LaunchScreen.storyboard */; };
		34067FA629DFB75600EA7BC9 /* DashboardViewController.swift in Sources */ = {isa = PBXBuildFile; fileRef = 34067FA529DFB75600EA7BC9 /* DashboardViewController.swift */; };
		34067FA829DFB76F00EA7BC9 /* TasksViewController.swift in Sources */ = {isa = PBXBuildFile; fileRef = 34067FA729DFB76F00EA7BC9 /* TasksViewController.swift */; };
		34067FAA29DFB78000EA7BC9 /* MoreInformationViewController.swift in Sources */ = {isa = PBXBuildFile; fileRef = 34067FA929DFB78000EA7BC9 /* MoreInformationViewController.swift */; };
		34067FAC29DFB79400EA7BC9 /* CreateTaskViewController.swift in Sources */ = {isa = PBXBuildFile; fileRef = 34067FAB29DFB79400EA7BC9 /* CreateTaskViewController.swift */; };
		34067FAE29DFB7A000EA7BC9 /* StartTimerViewController.swift in Sources */ = {isa = PBXBuildFile; fileRef = 34067FAD29DFB7A000EA7BC9 /* StartTimerViewController.swift */; };
		34067FB129DFB7BA00EA7BC9 /* TimerViewController.swift in Sources */ = {isa = PBXBuildFile; fileRef = 34067FB029DFB7BA00EA7BC9 /* TimerViewController.swift */; };
		34067FB329DFE49400EA7BC9 /* Assets.xcassets in Resources */ = {isa = PBXBuildFile; fileRef = 34067FB229DFE49400EA7BC9 /* Assets.xcassets */; };
		34067FB529E10BB800EA7BC9 /* Task.swift in Sources */ = {isa = PBXBuildFile; fileRef = 34067FB429E10BB800EA7BC9 /* Task.swift */; };
		34067FB729E147E100EA7BC9 /* TaskTableViewCell.swift in Sources */ = {isa = PBXBuildFile; fileRef = 34067FB629E147E100EA7BC9 /* TaskTableViewCell.swift */; };
		70EFDAB329EF2DB100FADA83 /* Progressbg.png in Resources */ = {isa = PBXBuildFile; fileRef = 70EFDAB229EF2DB100FADA83 /* Progressbg.png */; };
		70EFDAB529EF3E0900FADA83 /* Progress Bar.png in Resources */ = {isa = PBXBuildFile; fileRef = 70EFDAB429EF3E0900FADA83 /* Progress Bar.png */; };
		70EFDABB29EF4BF500FADA83 /* Test.png in Resources */ = {isa = PBXBuildFile; fileRef = 70EFDAB829EF4BF500FADA83 /* Test.png */; };
		70EFDABC29EF4BF500FADA83 /* Quiz.png in Resources */ = {isa = PBXBuildFile; fileRef = 70EFDAB929EF4BF500FADA83 /* Quiz.png */; };
		70EFDABD29EF4BF500FADA83 /* Assginments.png in Resources */ = {isa = PBXBuildFile; fileRef = 70EFDABA29EF4BF500FADA83 /* Assginments.png */; };
		70EFDAC029EF5B9700FADA83 /* In Class Exercise.png in Resources */ = {isa = PBXBuildFile; fileRef = 70EFDABE29EF5B9700FADA83 /* In Class Exercise.png */; };
		70EFDAC129EF5B9700FADA83 /* Exam.png in Resources */ = {isa = PBXBuildFile; fileRef = 70EFDABF29EF5B9700FADA83 /* Exam.png */; };
		70EFDAC329EF673500FADA83 /* TaskCell.swift in Sources */ = {isa = PBXBuildFile; fileRef = 70EFDAC229EF673500FADA83 /* TaskCell.swift */; };
		70EFDAC829EFCA2000FADA83 /* StartButton.png in Resources */ = {isa = PBXBuildFile; fileRef = 70EFDAC429EFCA1F00FADA83 /* StartButton.png */; };
		70EFDAC929EFCA2000FADA83 /* ResumeButton.png in Resources */ = {isa = PBXBuildFile; fileRef = 70EFDAC529EFCA1F00FADA83 /* ResumeButton.png */; };
		70EFDACA29EFCA2000FADA83 /* CancelButton.png in Resources */ = {isa = PBXBuildFile; fileRef = 70EFDAC629EFCA1F00FADA83 /* CancelButton.png */; };
		70EFDACB29EFCA2000FADA83 /* PauseButton.png in Resources */ = {isa = PBXBuildFile; fileRef = 70EFDAC729EFCA2000FADA83 /* PauseButton.png */; };
		953D364D29E61777005F494E /* GoogleService-Info.plist in Resources */ = {isa = PBXBuildFile; fileRef = 953D364C29E61777005F494E /* GoogleService-Info.plist */; };
		9569B74129E651C500D5B8AE /* curoBg.mp4 in Resources */ = {isa = PBXBuildFile; fileRef = 9569B74029E651C500D5B8AE /* curoBg.mp4 */; };
		95D6C47729E602CF00BA2334 /* SignUpViewController.swift in Sources */ = {isa = PBXBuildFile; fileRef = 95D6C47629E602CF00BA2334 /* SignUpViewController.swift */; };
		95D6C47929E602DD00BA2334 /* LoginViewController.swift in Sources */ = {isa = PBXBuildFile; fileRef = 95D6C47829E602DD00BA2334 /* LoginViewController.swift */; };
		95D6C47B29E6116D00BA2334 /* LaunchViewController.swift in Sources */ = {isa = PBXBuildFile; fileRef = 95D6C47A29E6116D00BA2334 /* LaunchViewController.swift */; };
/* End PBXBuildFile section */

/* Begin PBXFileReference section */
		34067F2D29DDB51F00EA7BC9 /* Curo.app */ = {isa = PBXFileReference; explicitFileType = wrapper.application; includeInIndex = 0; path = Curo.app; sourceTree = BUILT_PRODUCTS_DIR; };
		34067F3029DDB51F00EA7BC9 /* AppDelegate.swift */ = {isa = PBXFileReference; lastKnownFileType = sourcecode.swift; path = AppDelegate.swift; sourceTree = "<group>"; };
		34067F3229DDB51F00EA7BC9 /* SceneDelegate.swift */ = {isa = PBXFileReference; lastKnownFileType = sourcecode.swift; path = SceneDelegate.swift; sourceTree = "<group>"; };
		34067F3429DDB51F00EA7BC9 /* ViewController.swift */ = {isa = PBXFileReference; lastKnownFileType = sourcecode.swift; path = ViewController.swift; sourceTree = "<group>"; };
		34067F3729DDB51F00EA7BC9 /* Base */ = {isa = PBXFileReference; lastKnownFileType = file.storyboard; name = Base; path = Base.lproj/Main.storyboard; sourceTree = "<group>"; };
		34067F3C29DDB52100EA7BC9 /* Base */ = {isa = PBXFileReference; lastKnownFileType = file.storyboard; name = Base; path = Base.lproj/LaunchScreen.storyboard; sourceTree = "<group>"; };
		34067F3E29DDB52100EA7BC9 /* Info.plist */ = {isa = PBXFileReference; lastKnownFileType = text.plist.xml; path = Info.plist; sourceTree = "<group>"; };
		34067FA529DFB75600EA7BC9 /* DashboardViewController.swift */ = {isa = PBXFileReference; lastKnownFileType = sourcecode.swift; path = DashboardViewController.swift; sourceTree = "<group>"; };
		34067FA729DFB76F00EA7BC9 /* TasksViewController.swift */ = {isa = PBXFileReference; lastKnownFileType = sourcecode.swift; path = TasksViewController.swift; sourceTree = "<group>"; };
		34067FA929DFB78000EA7BC9 /* MoreInformationViewController.swift */ = {isa = PBXFileReference; lastKnownFileType = sourcecode.swift; path = MoreInformationViewController.swift; sourceTree = "<group>"; };
		34067FAB29DFB79400EA7BC9 /* CreateTaskViewController.swift */ = {isa = PBXFileReference; lastKnownFileType = sourcecode.swift; path = CreateTaskViewController.swift; sourceTree = "<group>"; };
		34067FAD29DFB7A000EA7BC9 /* StartTimerViewController.swift */ = {isa = PBXFileReference; lastKnownFileType = sourcecode.swift; path = StartTimerViewController.swift; sourceTree = "<group>"; };
		34067FB029DFB7BA00EA7BC9 /* TimerViewController.swift */ = {isa = PBXFileReference; lastKnownFileType = sourcecode.swift; path = TimerViewController.swift; sourceTree = "<group>"; };
		34067FB229DFE49400EA7BC9 /* Assets.xcassets */ = {isa = PBXFileReference; lastKnownFileType = folder.assetcatalog; path = Assets.xcassets; sourceTree = "<group>"; };
		34067FB429E10BB800EA7BC9 /* Task.swift */ = {isa = PBXFileReference; lastKnownFileType = sourcecode.swift; path = Task.swift; sourceTree = "<group>"; };
		34067FB629E147E100EA7BC9 /* TaskTableViewCell.swift */ = {isa = PBXFileReference; lastKnownFileType = sourcecode.swift; path = TaskTableViewCell.swift; sourceTree = "<group>"; };
		70EFDAB229EF2DB100FADA83 /* Progressbg.png */ = {isa = PBXFileReference; lastKnownFileType = image.png; path = Progressbg.png; sourceTree = "<group>"; };
		70EFDAB429EF3E0900FADA83 /* Progress Bar.png */ = {isa = PBXFileReference; lastKnownFileType = image.png; path = "Progress Bar.png"; sourceTree = "<group>"; };
		70EFDAB829EF4BF500FADA83 /* Test.png */ = {isa = PBXFileReference; lastKnownFileType = image.png; path = Test.png; sourceTree = "<group>"; };
		70EFDAB929EF4BF500FADA83 /* Quiz.png */ = {isa = PBXFileReference; lastKnownFileType = image.png; path = Quiz.png; sourceTree = "<group>"; };
		70EFDABA29EF4BF500FADA83 /* Assginments.png */ = {isa = PBXFileReference; lastKnownFileType = image.png; path = Assginments.png; sourceTree = "<group>"; };
		70EFDABE29EF5B9700FADA83 /* In Class Exercise.png */ = {isa = PBXFileReference; lastKnownFileType = image.png; path = "In Class Exercise.png"; sourceTree = "<group>"; };
		70EFDABF29EF5B9700FADA83 /* Exam.png */ = {isa = PBXFileReference; lastKnownFileType = image.png; path = Exam.png; sourceTree = "<group>"; };
		70EFDAC229EF673500FADA83 /* TaskCell.swift */ = {isa = PBXFileReference; lastKnownFileType = sourcecode.swift; path = TaskCell.swift; sourceTree = "<group>"; };
		70EFDAC429EFCA1F00FADA83 /* StartButton.png */ = {isa = PBXFileReference; lastKnownFileType = image.png; path = StartButton.png; sourceTree = "<group>"; };
		70EFDAC529EFCA1F00FADA83 /* ResumeButton.png */ = {isa = PBXFileReference; lastKnownFileType = image.png; path = ResumeButton.png; sourceTree = "<group>"; };
		70EFDAC629EFCA1F00FADA83 /* CancelButton.png */ = {isa = PBXFileReference; lastKnownFileType = image.png; path = CancelButton.png; sourceTree = "<group>"; };
		70EFDAC729EFCA2000FADA83 /* PauseButton.png */ = {isa = PBXFileReference; lastKnownFileType = image.png; path = PauseButton.png; sourceTree = "<group>"; };
		70EFDACC29EFD5AF00FADA83 /* Curo.entitlements */ = {isa = PBXFileReference; lastKnownFileType = text.plist.entitlements; path = Curo.entitlements; sourceTree = "<group>"; };
		8F244E55860299921B130204 /* Pods-Curo.debug.xcconfig */ = {isa = PBXFileReference; includeInIndex = 1; lastKnownFileType = text.xcconfig; name = "Pods-Curo.debug.xcconfig"; path = "Target Support Files/Pods-Curo/Pods-Curo.debug.xcconfig"; sourceTree = "<group>"; };
		953D364C29E61777005F494E /* GoogleService-Info.plist */ = {isa = PBXFileReference; fileEncoding = 4; lastKnownFileType = text.plist.xml; path = "GoogleService-Info.plist"; sourceTree = "<group>"; };
		9569B74029E651C500D5B8AE /* curoBg.mp4 */ = {isa = PBXFileReference; lastKnownFileType = file; path = curoBg.mp4; sourceTree = "<group>"; };
		95D6C47629E602CF00BA2334 /* SignUpViewController.swift */ = {isa = PBXFileReference; lastKnownFileType = sourcecode.swift; path = SignUpViewController.swift; sourceTree = "<group>"; };
		95D6C47829E602DD00BA2334 /* LoginViewController.swift */ = {isa = PBXFileReference; lastKnownFileType = sourcecode.swift; path = LoginViewController.swift; sourceTree = "<group>"; };
		95D6C47A29E6116D00BA2334 /* LaunchViewController.swift */ = {isa = PBXFileReference; lastKnownFileType = sourcecode.swift; path = LaunchViewController.swift; sourceTree = "<group>"; };
		D7A22E48B8C1368E70CCF860 /* Pods_Curo.framework */ = {isa = PBXFileReference; explicitFileType = wrapper.framework; includeInIndex = 0; path = Pods_Curo.framework; sourceTree = BUILT_PRODUCTS_DIR; };
		D7F4297183C21AB275050969 /* Pods-Curo.release.xcconfig */ = {isa = PBXFileReference; includeInIndex = 1; lastKnownFileType = text.xcconfig; name = "Pods-Curo.release.xcconfig"; path = "Target Support Files/Pods-Curo/Pods-Curo.release.xcconfig"; sourceTree = "<group>"; };
/* End PBXFileReference section */

/* Begin PBXFrameworksBuildPhase section */
		34067F2A29DDB51F00EA7BC9 /* Frameworks */ = {
			isa = PBXFrameworksBuildPhase;
			buildActionMask = 2147483647;
			files = (
				2BAC484C9C16A4BE33536FD7 /* Pods_Curo.framework in Frameworks */,
			);
			runOnlyForDeploymentPostprocessing = 0;
		};
/* End PBXFrameworksBuildPhase section */

/* Begin PBXGroup section */
		1D98F6A2F4B06837A666EEAF /* Pods */ = {
			isa = PBXGroup;
			children = (
				8F244E55860299921B130204 /* Pods-Curo.debug.xcconfig */,
				D7F4297183C21AB275050969 /* Pods-Curo.release.xcconfig */,
			);
			path = Pods;
			sourceTree = "<group>";
		};
		34067F2429DDB51F00EA7BC9 = {
			isa = PBXGroup;
			children = (
				34067F2F29DDB51F00EA7BC9 /* Curo */,
				34067F2E29DDB51F00EA7BC9 /* Products */,
				1D98F6A2F4B06837A666EEAF /* Pods */,
				AD922E422615AEA10C28ACD6 /* Frameworks */,
			);
			sourceTree = "<group>";
		};
		34067F2E29DDB51F00EA7BC9 /* Products */ = {
			isa = PBXGroup;
			children = (
				34067F2D29DDB51F00EA7BC9 /* Curo.app */,
			);
			name = Products;
			sourceTree = "<group>";
		};
		34067F2F29DDB51F00EA7BC9 /* Curo */ = {
			isa = PBXGroup;
			children = (
				70EFDACC29EFD5AF00FADA83 /* Curo.entitlements */,
				9569B73F29E6506300D5B8AE /* Media */,
				34067FA429DFB6E000EA7BC9 /* Storyboards */,
				34067FA329DFB6D500EA7BC9 /* ViewControllers */,
				34067FA229DFB6CA00EA7BC9 /* Classes */,
				34067F3E29DDB52100EA7BC9 /* Info.plist */,
				34067FB229DFE49400EA7BC9 /* Assets.xcassets */,
				953D364C29E61777005F494E /* GoogleService-Info.plist */,
			);
			path = Curo;
			sourceTree = "<group>";
		};
		34067FA229DFB6CA00EA7BC9 /* Classes */ = {
			isa = PBXGroup;
			children = (
				34067F3229DDB51F00EA7BC9 /* SceneDelegate.swift */,
				34067F3029DDB51F00EA7BC9 /* AppDelegate.swift */,
				34067FB429E10BB800EA7BC9 /* Task.swift */,
				34067FB629E147E100EA7BC9 /* TaskTableViewCell.swift */,
				70EFDAC229EF673500FADA83 /* TaskCell.swift */,
			);
			path = Classes;
			sourceTree = "<group>";
		};
		34067FA329DFB6D500EA7BC9 /* ViewControllers */ = {
			isa = PBXGroup;
			children = (
				34067F3429DDB51F00EA7BC9 /* ViewController.swift */,
				95D6C47A29E6116D00BA2334 /* LaunchViewController.swift */,
				95D6C47629E602CF00BA2334 /* SignUpViewController.swift */,
				95D6C47829E602DD00BA2334 /* LoginViewController.swift */,
				34067FA529DFB75600EA7BC9 /* DashboardViewController.swift */,
				34067FA729DFB76F00EA7BC9 /* TasksViewController.swift */,
				34067FA929DFB78000EA7BC9 /* MoreInformationViewController.swift */,
				34067FAB29DFB79400EA7BC9 /* CreateTaskViewController.swift */,
				34067FAD29DFB7A000EA7BC9 /* StartTimerViewController.swift */,
				34067FB029DFB7BA00EA7BC9 /* TimerViewController.swift */,
			);
			path = ViewControllers;
			sourceTree = "<group>";
		};
		34067FA429DFB6E000EA7BC9 /* Storyboards */ = {
			isa = PBXGroup;
			children = (
				34067F3629DDB51F00EA7BC9 /* Main.storyboard */,
				34067F3B29DDB52100EA7BC9 /* LaunchScreen.storyboard */,
			);
			path = Storyboards;
			sourceTree = "<group>";
		};
		9569B73F29E6506300D5B8AE /* Media */ = {
			isa = PBXGroup;
			children = (
				70EFDAC629EFCA1F00FADA83 /* CancelButton.png */,
				70EFDAC729EFCA2000FADA83 /* PauseButton.png */,
				70EFDAC529EFCA1F00FADA83 /* ResumeButton.png */,
				70EFDAC429EFCA1F00FADA83 /* StartButton.png */,
				70EFDABF29EF5B9700FADA83 /* Exam.png */,
				70EFDABE29EF5B9700FADA83 /* In Class Exercise.png */,
				70EFDABA29EF4BF500FADA83 /* Assginments.png */,
				70EFDAB929EF4BF500FADA83 /* Quiz.png */,
				70EFDAB829EF4BF500FADA83 /* Test.png */,
				70EFDAB429EF3E0900FADA83 /* Progress Bar.png */,
				70EFDAB229EF2DB100FADA83 /* Progressbg.png */,
				9569B74029E651C500D5B8AE /* curoBg.mp4 */,
			);
			path = Media;
			sourceTree = "<group>";
		};
		AD922E422615AEA10C28ACD6 /* Frameworks */ = {
			isa = PBXGroup;
			children = (
				D7A22E48B8C1368E70CCF860 /* Pods_Curo.framework */,
			);
			name = Frameworks;
			sourceTree = "<group>";
		};
/* End PBXGroup section */

/* Begin PBXNativeTarget section */
		34067F2C29DDB51F00EA7BC9 /* Curo */ = {
			isa = PBXNativeTarget;
			buildConfigurationList = 34067F4129DDB52100EA7BC9 /* Build configuration list for PBXNativeTarget "Curo" */;
			buildPhases = (
				FF92FC18D362A771EBD863E4 /* [CP] Check Pods Manifest.lock */,
				34067F2929DDB51F00EA7BC9 /* Sources */,
				34067F2A29DDB51F00EA7BC9 /* Frameworks */,
				34067F2B29DDB51F00EA7BC9 /* Resources */,
				5D61F372B121A12F513B76C2 /* [CP] Embed Pods Frameworks */,
			);
			buildRules = (
			);
			dependencies = (
			);
			name = Curo;
			productName = Curo;
			productReference = 34067F2D29DDB51F00EA7BC9 /* Curo.app */;
			productType = "com.apple.product-type.application";
		};
/* End PBXNativeTarget section */

/* Begin PBXProject section */
		34067F2529DDB51F00EA7BC9 /* Project object */ = {
			isa = PBXProject;
			attributes = {
				BuildIndependentTargetsInParallel = 1;
				LastSwiftUpdateCheck = 1320;
				LastUpgradeCheck = 1320;
				TargetAttributes = {
					34067F2C29DDB51F00EA7BC9 = {
						CreatedOnToolsVersion = 13.2.1;
					};
				};
			};
			buildConfigurationList = 34067F2829DDB51F00EA7BC9 /* Build configuration list for PBXProject "Curo" */;
			compatibilityVersion = "Xcode 13.0";
			developmentRegion = en;
			hasScannedForEncodings = 0;
			knownRegions = (
				en,
				Base,
			);
			mainGroup = 34067F2429DDB51F00EA7BC9;
			productRefGroup = 34067F2E29DDB51F00EA7BC9 /* Products */;
			projectDirPath = "";
			projectRoot = "";
			targets = (
				34067F2C29DDB51F00EA7BC9 /* Curo */,
			);
		};
/* End PBXProject section */

/* Begin PBXResourcesBuildPhase section */
		34067F2B29DDB51F00EA7BC9 /* Resources */ = {
			isa = PBXResourcesBuildPhase;
			buildActionMask = 2147483647;
			files = (
				70EFDABC29EF4BF500FADA83 /* Quiz.png in Resources */,
				34067F3D29DDB52100EA7BC9 /* LaunchScreen.storyboard in Resources */,
				70EFDAC929EFCA2000FADA83 /* ResumeButton.png in Resources */,
				953D364D29E61777005F494E /* GoogleService-Info.plist in Resources */,
				34067FB329DFE49400EA7BC9 /* Assets.xcassets in Resources */,
				70EFDABB29EF4BF500FADA83 /* Test.png in Resources */,
				9569B74129E651C500D5B8AE /* curoBg.mp4 in Resources */,
				70EFDAC129EF5B9700FADA83 /* Exam.png in Resources */,
				70EFDAC029EF5B9700FADA83 /* In Class Exercise.png in Resources */,
				70EFDAC829EFCA2000FADA83 /* StartButton.png in Resources */,
				70EFDABD29EF4BF500FADA83 /* Assginments.png in Resources */,
				34067F3829DDB51F00EA7BC9 /* Main.storyboard in Resources */,
				70EFDACB29EFCA2000FADA83 /* PauseButton.png in Resources */,
				70EFDAB329EF2DB100FADA83 /* Progressbg.png in Resources */,
				70EFDACA29EFCA2000FADA83 /* CancelButton.png in Resources */,
				70EFDAB529EF3E0900FADA83 /* Progress Bar.png in Resources */,
			);
			runOnlyForDeploymentPostprocessing = 0;
		};
/* End PBXResourcesBuildPhase section */

/* Begin PBXShellScriptBuildPhase section */
		5D61F372B121A12F513B76C2 /* [CP] Embed Pods Frameworks */ = {
			isa = PBXShellScriptBuildPhase;
			buildActionMask = 2147483647;
			files = (
			);
			inputFileListPaths = (
				"${PODS_ROOT}/Target Support Files/Pods-Curo/Pods-Curo-frameworks-${CONFIGURATION}-input-files.xcfilelist",
			);
			name = "[CP] Embed Pods Frameworks";
			outputFileListPaths = (
				"${PODS_ROOT}/Target Support Files/Pods-Curo/Pods-Curo-frameworks-${CONFIGURATION}-output-files.xcfilelist",
			);
			runOnlyForDeploymentPostprocessing = 0;
			shellPath = /bin/sh;
			shellScript = "\"${PODS_ROOT}/Target Support Files/Pods-Curo/Pods-Curo-frameworks.sh\"\n";
			showEnvVarsInLog = 0;
		};
		FF92FC18D362A771EBD863E4 /* [CP] Check Pods Manifest.lock */ = {
			isa = PBXShellScriptBuildPhase;
			buildActionMask = 2147483647;
			files = (
			);
			inputFileListPaths = (
			);
			inputPaths = (
				"${PODS_PODFILE_DIR_PATH}/Podfile.lock",
				"${PODS_ROOT}/Manifest.lock",
			);
			name = "[CP] Check Pods Manifest.lock";
			outputFileListPaths = (
			);
			outputPaths = (
				"$(DERIVED_FILE_DIR)/Pods-Curo-checkManifestLockResult.txt",
			);
			runOnlyForDeploymentPostprocessing = 0;
			shellPath = /bin/sh;
			shellScript = "diff \"${PODS_PODFILE_DIR_PATH}/Podfile.lock\" \"${PODS_ROOT}/Manifest.lock\" > /dev/null\nif [ $? != 0 ] ; then\n    # print error to STDERR\n    echo \"error: The sandbox is not in sync with the Podfile.lock. Run 'pod install' or update your CocoaPods installation.\" >&2\n    exit 1\nfi\n# This output is used by Xcode 'outputs' to avoid re-running this script phase.\necho \"SUCCESS\" > \"${SCRIPT_OUTPUT_FILE_0}\"\n";
			showEnvVarsInLog = 0;
		};
/* End PBXShellScriptBuildPhase section */

/* Begin PBXSourcesBuildPhase section */
		34067F2929DDB51F00EA7BC9 /* Sources */ = {
			isa = PBXSourcesBuildPhase;
			buildActionMask = 2147483647;
			files = (
				34067FAA29DFB78000EA7BC9 /* MoreInformationViewController.swift in Sources */,
				34067FB129DFB7BA00EA7BC9 /* TimerViewController.swift in Sources */,
				34067FB729E147E100EA7BC9 /* TaskTableViewCell.swift in Sources */,
				34067FB529E10BB800EA7BC9 /* Task.swift in Sources */,
				34067F3529DDB51F00EA7BC9 /* ViewController.swift in Sources */,
				95D6C47B29E6116D00BA2334 /* LaunchViewController.swift in Sources */,
				34067F3129DDB51F00EA7BC9 /* AppDelegate.swift in Sources */,
				95D6C47729E602CF00BA2334 /* SignUpViewController.swift in Sources */,
				34067FA829DFB76F00EA7BC9 /* TasksViewController.swift in Sources */,
				34067F3329DDB51F00EA7BC9 /* SceneDelegate.swift in Sources */,
				34067FA629DFB75600EA7BC9 /* DashboardViewController.swift in Sources */,
				70EFDAC329EF673500FADA83 /* TaskCell.swift in Sources */,
				34067FAC29DFB79400EA7BC9 /* CreateTaskViewController.swift in Sources */,
				95D6C47929E602DD00BA2334 /* LoginViewController.swift in Sources */,
				34067FAE29DFB7A000EA7BC9 /* StartTimerViewController.swift in Sources */,
			);
			runOnlyForDeploymentPostprocessing = 0;
		};
/* End PBXSourcesBuildPhase section */

/* Begin PBXVariantGroup section */
		34067F3629DDB51F00EA7BC9 /* Main.storyboard */ = {
			isa = PBXVariantGroup;
			children = (
				34067F3729DDB51F00EA7BC9 /* Base */,
			);
			name = Main.storyboard;
			sourceTree = "<group>";
		};
		34067F3B29DDB52100EA7BC9 /* LaunchScreen.storyboard */ = {
			isa = PBXVariantGroup;
			children = (
				34067F3C29DDB52100EA7BC9 /* Base */,
			);
			name = LaunchScreen.storyboard;
			sourceTree = "<group>";
		};
/* End PBXVariantGroup section */

/* Begin XCBuildConfiguration section */
		34067F3F29DDB52100EA7BC9 /* Debug */ = {
			isa = XCBuildConfiguration;
			buildSettings = {
				ALWAYS_SEARCH_USER_PATHS = NO;
				CLANG_ANALYZER_NONNULL = YES;
				CLANG_ANALYZER_NUMBER_OBJECT_CONVERSION = YES_AGGRESSIVE;
				CLANG_CXX_LANGUAGE_STANDARD = "gnu++17";
				CLANG_CXX_LIBRARY = "libc++";
				CLANG_ENABLE_MODULES = YES;
				CLANG_ENABLE_OBJC_ARC = YES;
				CLANG_ENABLE_OBJC_WEAK = YES;
				CLANG_WARN_BLOCK_CAPTURE_AUTORELEASING = YES;
				CLANG_WARN_BOOL_CONVERSION = YES;
				CLANG_WARN_COMMA = YES;
				CLANG_WARN_CONSTANT_CONVERSION = YES;
				CLANG_WARN_DEPRECATED_OBJC_IMPLEMENTATIONS = YES;
				CLANG_WARN_DIRECT_OBJC_ISA_USAGE = YES_ERROR;
				CLANG_WARN_DOCUMENTATION_COMMENTS = YES;
				CLANG_WARN_EMPTY_BODY = YES;
				CLANG_WARN_ENUM_CONVERSION = YES;
				CLANG_WARN_INFINITE_RECURSION = YES;
				CLANG_WARN_INT_CONVERSION = YES;
				CLANG_WARN_NON_LITERAL_NULL_CONVERSION = YES;
				CLANG_WARN_OBJC_IMPLICIT_RETAIN_SELF = YES;
				CLANG_WARN_OBJC_LITERAL_CONVERSION = YES;
				CLANG_WARN_OBJC_ROOT_CLASS = YES_ERROR;
				CLANG_WARN_QUOTED_INCLUDE_IN_FRAMEWORK_HEADER = YES;
				CLANG_WARN_RANGE_LOOP_ANALYSIS = YES;
				CLANG_WARN_STRICT_PROTOTYPES = YES;
				CLANG_WARN_SUSPICIOUS_MOVE = YES;
				CLANG_WARN_UNGUARDED_AVAILABILITY = YES_AGGRESSIVE;
				CLANG_WARN_UNREACHABLE_CODE = YES;
				CLANG_WARN__DUPLICATE_METHOD_MATCH = YES;
				COPY_PHASE_STRIP = NO;
				DEBUG_INFORMATION_FORMAT = dwarf;
				ENABLE_STRICT_OBJC_MSGSEND = YES;
				ENABLE_TESTABILITY = YES;
				GCC_C_LANGUAGE_STANDARD = gnu11;
				GCC_DYNAMIC_NO_PIC = NO;
				GCC_NO_COMMON_BLOCKS = YES;
				GCC_OPTIMIZATION_LEVEL = 0;
				GCC_PREPROCESSOR_DEFINITIONS = (
					"DEBUG=1",
					"$(inherited)",
				);
				GCC_WARN_64_TO_32_BIT_CONVERSION = YES;
				GCC_WARN_ABOUT_RETURN_TYPE = YES_ERROR;
				GCC_WARN_UNDECLARED_SELECTOR = YES;
				GCC_WARN_UNINITIALIZED_AUTOS = YES_AGGRESSIVE;
				GCC_WARN_UNUSED_FUNCTION = YES;
				GCC_WARN_UNUSED_VARIABLE = YES;
				IPHONEOS_DEPLOYMENT_TARGET = 15.2;
				MTL_ENABLE_DEBUG_INFO = INCLUDE_SOURCE;
				MTL_FAST_MATH = YES;
				ONLY_ACTIVE_ARCH = YES;
				SDKROOT = iphoneos;
				SWIFT_ACTIVE_COMPILATION_CONDITIONS = DEBUG;
				SWIFT_OPTIMIZATION_LEVEL = "-Onone";
			};
			name = Debug;
		};
		34067F4029DDB52100EA7BC9 /* Release */ = {
			isa = XCBuildConfiguration;
			buildSettings = {
				ALWAYS_SEARCH_USER_PATHS = NO;
				CLANG_ANALYZER_NONNULL = YES;
				CLANG_ANALYZER_NUMBER_OBJECT_CONVERSION = YES_AGGRESSIVE;
				CLANG_CXX_LANGUAGE_STANDARD = "gnu++17";
				CLANG_CXX_LIBRARY = "libc++";
				CLANG_ENABLE_MODULES = YES;
				CLANG_ENABLE_OBJC_ARC = YES;
				CLANG_ENABLE_OBJC_WEAK = YES;
				CLANG_WARN_BLOCK_CAPTURE_AUTORELEASING = YES;
				CLANG_WARN_BOOL_CONVERSION = YES;
				CLANG_WARN_COMMA = YES;
				CLANG_WARN_CONSTANT_CONVERSION = YES;
				CLANG_WARN_DEPRECATED_OBJC_IMPLEMENTATIONS = YES;
				CLANG_WARN_DIRECT_OBJC_ISA_USAGE = YES_ERROR;
				CLANG_WARN_DOCUMENTATION_COMMENTS = YES;
				CLANG_WARN_EMPTY_BODY = YES;
				CLANG_WARN_ENUM_CONVERSION = YES;
				CLANG_WARN_INFINITE_RECURSION = YES;
				CLANG_WARN_INT_CONVERSION = YES;
				CLANG_WARN_NON_LITERAL_NULL_CONVERSION = YES;
				CLANG_WARN_OBJC_IMPLICIT_RETAIN_SELF = YES;
				CLANG_WARN_OBJC_LITERAL_CONVERSION = YES;
				CLANG_WARN_OBJC_ROOT_CLASS = YES_ERROR;
				CLANG_WARN_QUOTED_INCLUDE_IN_FRAMEWORK_HEADER = YES;
				CLANG_WARN_RANGE_LOOP_ANALYSIS = YES;
				CLANG_WARN_STRICT_PROTOTYPES = YES;
				CLANG_WARN_SUSPICIOUS_MOVE = YES;
				CLANG_WARN_UNGUARDED_AVAILABILITY = YES_AGGRESSIVE;
				CLANG_WARN_UNREACHABLE_CODE = YES;
				CLANG_WARN__DUPLICATE_METHOD_MATCH = YES;
				COPY_PHASE_STRIP = NO;
				DEBUG_INFORMATION_FORMAT = "dwarf-with-dsym";
				ENABLE_NS_ASSERTIONS = NO;
				ENABLE_STRICT_OBJC_MSGSEND = YES;
				GCC_C_LANGUAGE_STANDARD = gnu11;
				GCC_NO_COMMON_BLOCKS = YES;
				GCC_WARN_64_TO_32_BIT_CONVERSION = YES;
				GCC_WARN_ABOUT_RETURN_TYPE = YES_ERROR;
				GCC_WARN_UNDECLARED_SELECTOR = YES;
				GCC_WARN_UNINITIALIZED_AUTOS = YES_AGGRESSIVE;
				GCC_WARN_UNUSED_FUNCTION = YES;
				GCC_WARN_UNUSED_VARIABLE = YES;
				IPHONEOS_DEPLOYMENT_TARGET = 15.2;
				MTL_ENABLE_DEBUG_INFO = NO;
				MTL_FAST_MATH = YES;
				SDKROOT = iphoneos;
				SWIFT_COMPILATION_MODE = wholemodule;
				SWIFT_OPTIMIZATION_LEVEL = "-O";
				VALIDATE_PRODUCT = YES;
			};
			name = Release;
		};
		34067F4229DDB52100EA7BC9 /* Debug */ = {
			isa = XCBuildConfiguration;
			baseConfigurationReference = 8F244E55860299921B130204 /* Pods-Curo.debug.xcconfig */;
			buildSettings = {
				ASSETCATALOG_COMPILER_APPICON_NAME = AppIcon;
				ASSETCATALOG_COMPILER_GLOBAL_ACCENT_COLOR_NAME = AccentColor;
				CODE_SIGN_ENTITLEMENTS = Curo/Curo.entitlements;
				CODE_SIGN_STYLE = Automatic;
				CURRENT_PROJECT_VERSION = 1;
				GENERATE_INFOPLIST_FILE = YES;
				INFOPLIST_FILE = Curo/Info.plist;
				INFOPLIST_KEY_NSCalendarsUsageDescription = "Please allow access to view your calendar.";
				INFOPLIST_KEY_UIApplicationSupportsIndirectInputEvents = YES;
				INFOPLIST_KEY_UILaunchStoryboardName = LaunchScreen;
				INFOPLIST_KEY_UIMainStoryboardFile = Main;
				INFOPLIST_KEY_UISupportedInterfaceOrientations_iPad = "UIInterfaceOrientationPortrait UIInterfaceOrientationPortraitUpsideDown UIInterfaceOrientationLandscapeLeft UIInterfaceOrientationLandscapeRight";
				INFOPLIST_KEY_UISupportedInterfaceOrientations_iPhone = "UIInterfaceOrientationPortrait UIInterfaceOrientationLandscapeLeft UIInterfaceOrientationLandscapeRight";
				LD_RUNPATH_SEARCH_PATHS = (
					"$(inherited)",
					"@executable_path/Frameworks",
				);
				MARKETING_VERSION = 1.0;
				PRODUCT_BUNDLE_IDENTIFIER = com.prog31632.Curo;
				PRODUCT_NAME = "$(TARGET_NAME)";
				SWIFT_EMIT_LOC_STRINGS = YES;
				SWIFT_VERSION = 5.0;
				TARGETED_DEVICE_FAMILY = "1,2";
			};
			name = Debug;
		};
		34067F4329DDB52100EA7BC9 /* Release */ = {
			isa = XCBuildConfiguration;
			baseConfigurationReference = D7F4297183C21AB275050969 /* Pods-Curo.release.xcconfig */;
			buildSettings = {
				ASSETCATALOG_COMPILER_APPICON_NAME = AppIcon;
				ASSETCATALOG_COMPILER_GLOBAL_ACCENT_COLOR_NAME = AccentColor;
				CODE_SIGN_ENTITLEMENTS = Curo/Curo.entitlements;
				CODE_SIGN_STYLE = Automatic;
				CURRENT_PROJECT_VERSION = 1;
				GENERATE_INFOPLIST_FILE = YES;
				INFOPLIST_FILE = Curo/Info.plist;
				INFOPLIST_KEY_NSCalendarsUsageDescription = "Please allow access to view your calendar.";
				INFOPLIST_KEY_UIApplicationSupportsIndirectInputEvents = YES;
				INFOPLIST_KEY_UILaunchStoryboardName = LaunchScreen;
				INFOPLIST_KEY_UIMainStoryboardFile = Main;
				INFOPLIST_KEY_UISupportedInterfaceOrientations_iPad = "UIInterfaceOrientationPortrait UIInterfaceOrientationPortraitUpsideDown UIInterfaceOrientationLandscapeLeft UIInterfaceOrientationLandscapeRight";
				INFOPLIST_KEY_UISupportedInterfaceOrientations_iPhone = "UIInterfaceOrientationPortrait UIInterfaceOrientationLandscapeLeft UIInterfaceOrientationLandscapeRight";
				LD_RUNPATH_SEARCH_PATHS = (
					"$(inherited)",
					"@executable_path/Frameworks",
				);
				MARKETING_VERSION = 1.0;
				PRODUCT_BUNDLE_IDENTIFIER = com.prog31632.Curo;
				PRODUCT_NAME = "$(TARGET_NAME)";
				SWIFT_EMIT_LOC_STRINGS = YES;
				SWIFT_VERSION = 5.0;
				TARGETED_DEVICE_FAMILY = "1,2";
			};
			name = Release;
		};
/* End XCBuildConfiguration section */

/* Begin XCConfigurationList section */
		34067F2829DDB51F00EA7BC9 /* Build configuration list for PBXProject "Curo" */ = {
			isa = XCConfigurationList;
			buildConfigurations = (
				34067F3F29DDB52100EA7BC9 /* Debug */,
				34067F4029DDB52100EA7BC9 /* Release */,
			);
			defaultConfigurationIsVisible = 0;
			defaultConfigurationName = Release;
		};
		34067F4129DDB52100EA7BC9 /* Build configuration list for PBXNativeTarget "Curo" */ = {
			isa = XCConfigurationList;
			buildConfigurations = (
				34067F4229DDB52100EA7BC9 /* Debug */,
				34067F4329DDB52100EA7BC9 /* Release */,
			);
			defaultConfigurationIsVisible = 0;
			defaultConfigurationName = Release;
		};
/* End XCConfigurationList section */
	};
	rootObject = 34067F2529DDB51F00EA7BC9 /* Project object */;
}
